
Microsoft Visual Studio Solution File, Format Version 11.00
# Visual Studio 2010
Project("{FAE04EC0-301F-11D3-BF4B-00C04F79EFBC}") = "GUI", "GUI\GUI.csproj", "{6F42C83D-BB48-4A74-8E3A-40B6B39D7EDA}"
EndProject
Project("{FAE04EC0-301F-11D3-BF4B-00C04F79EFBC}") = "DTO", "DTO\DTO.csproj", "{E55F6222-9AD6-402B-B314-31C055D708B9}"
EndProject
Project("{FAE04EC0-301F-11D3-BF4B-00C04F79EFBC}") = "DTL", "DTL\DTL.csproj", "{990F130F-CD79-4E94-BAD7-CA52510C65DD}"
EndProject
Project("{FAE04EC0-301F-11D3-BF4B-00C04F79EFBC}") = "BUS", "BUS\BUS.csproj", "{22434F13-0747-46BB-98DE-B8CD97FE622D}"
EndProject
Global
	GlobalSection(SolutionConfigurationPlatforms) = preSolution
		Debug|Any CPU = Debug|Any CPU
		Debug|Mixed Platforms = Debug|Mixed Platforms
		Debug|x86 = Debug|x86
		Release|Any CPU = Release|Any CPU
		Release|Mixed Platforms = Release|Mixed Platforms
		Release|x86 = Release|x86
	EndGlobalSection
	GlobalSection(ProjectConfigurationPlatforms) = postSolution
		{6F42C83D-BB48-4A74-8E3A-40B6B39D7EDA}.Debug|Any CPU.ActiveCfg = Debug|x86
		{6F42C83D-BB48-4A74-8E3A-40B6B39D7EDA}.Debug|Mixed Platforms.ActiveCfg = Debug|x86
		{6F42C83D-BB48-4A74-8E3A-40B6B39D7EDA}.Debug|Mixed Platforms.Build.0 = Debug|x86
		{6F42C83D-BB48-4A74-8E3A-40B6B39D7EDA}.Debug|x86.ActiveCfg = Debug|x86
		{6F42C83D-BB48-4A74-8E3A-40B6B39D7EDA}.Debug|x86.Build.0 = Debug|x86
		{6F42C83D-BB48-4A74-8E3A-40B6B39D7EDA}.Release|Any CPU.ActiveCfg = Release|x86
		{6F42C83D-BB48-4A74-8E3A-40B6B39D7EDA}.Release|Mixed Platforms.ActiveCfg = Release|x86
		{6F42C83D-BB48-4A74-8E3A-40B6B39D7EDA}.Release|Mixed Platforms.Build.0 = Release|x86
		{6F42C83D-BB48-4A74-8E3A-40B6B39D7EDA}.Release|x86.ActiveCfg = Release|x86
		{6F42C83D-BB48-4A74-8E3A-40B6B39D7EDA}.Release|x86.Build.0 = Release|x86
		{E55F6222-9AD6-402B-B314-31C055D708B9}.Debug|Any CPU.ActiveCfg = Debug|Any CPU
		{E55F6222-9AD6-402B-B314-31C055D708B9}.Debug|Any CPU.Build.0 = Debug|Any CPU
		{E55F6222-9AD6-402B-B314-31C055D708B9}.Debug|Mixed Platforms.ActiveCfg = Debug|Any CPU
		{E55F6222-9AD6-402B-B314-31C055D708B9}.Debug|Mixed Platforms.Build.0 = Debug|Any CPU
		{E55F6222-9AD6-402B-B314-31C055D708B9}.Debug|x86.ActiveCfg = Debug|Any CPU
		{E55F6222-9AD6-402B-B314-31C055D708B9}.Release|Any CPU.ActiveCfg = Release|Any CPU
		{E55F6222-9AD6-402B-B314-31C055D708B9}.Release|Any CPU.Build.0 = Release|Any CPU
		{E55F6222-9AD6-402B-B314-31C055D708B9}.Release|Mixed Platforms.ActiveCfg = Release|Any CPU
		{E55F6222-9AD6-402B-B314-31C055D708B9}.Release|Mixed Platforms.Build.0 = Release|Any CPU
		{E55F6222-9AD6-402B-B314-31C055D708B9}.Release|x86.ActiveCfg = Release|Any CPU
		{990F130F-CD79-4E94-BAD7-CA52510C65DD}.Debug|Any CPU.ActiveCfg = Debug|Any CPU
		{990F130F-CD79-4E94-BAD7-CA52510C65DD}.Debug|Any CPU.Build.0 = Debug|Any CPU
		{990F130F-CD79-4E94-BAD7-CA52510C65DD}.Debug|Mixed Platforms.ActiveCfg = Debug|Any CPU
		{990F130F-CD79-4E94-BAD7-CA52510C65DD}.Debug|Mixed Platforms.Build.0 = Debug|Any CPU
		{990F130F-CD79-4E94-BAD7-CA52510C65DD}.Debug|x86.ActiveCfg = Debug|Any CPU
		{990F130F-CD79-4E94-BAD7-CA52510C65DD}.Release|Any CPU.ActiveCfg = Release|Any CPU
		{990F130F-CD79-4E94-BAD7-CA52510C65DD}.Release|Any CPU.Build.0 = Release|Any CPU
		{990F130F-CD79-4E94-BAD7-CA52510C65DD}.Release|Mixed Platforms.ActiveCfg = Release|Any CPU
		{990F130F-CD79-4E94-BAD7-CA52510C65DD}.Release|Mixed Platforms.Build.0 = Release|Any CPU
		{990F130F-CD79-4E94-BAD7-CA52510C65DD}.Release|x86.ActiveCfg = Release|Any CPU
		{22434F13-0747-46BB-98DE-B8CD97FE622D}.Debug|Any CPU.ActiveCfg = Debug|Any CPU
		{22434F13-0747-46BB-98DE-B8CD97FE622D}.Debug|Any CPU.Build.0 = Debug|Any CPU
		{22434F13-0747-46BB-98DE-B8CD97FE622D}.Debug|Mixed Platforms.ActiveCfg = Debug|Any CPU
		{22434F13-0747-46BB-98DE-B8CD97FE622D}.Debug|Mixed Platforms.Build.0 = Debug|Any CPU
		{22434F13-0747-46BB-98DE-B8CD97FE622D}.Debug|x86.ActiveCfg = Debug|Any CPU
		{22434F13-0747-46BB-98DE-B8CD97FE622D}.Release|Any CPU.ActiveCfg = Release|Any CPU
		{22434F13-0747-46BB-98DE-B8CD97FE622D}.Release|Any CPU.Build.0 = Release|Any CPU
		{22434F13-0747-46BB-98DE-B8CD97FE622D}.Release|Mixed Platforms.ActiveCfg = Release|Any CPU
		{22434F13-0747-46BB-98DE-B8CD97FE622D}.Release|Mixed Platforms.Build.0 = Release|Any CPU
		{22434F13-0747-46BB-98DE-B8CD97FE622D}.Release|x86.ActiveCfg = Release|Any CPU
	EndGlobalSection
	GlobalSection(SolutionProperties) = preSolution
		HideSolutionNode = FALSE
	EndGlobalSection
EndGlobal
